// !$*UTF8*$!
{
	archiveVersion = 1;
	classes = {
	};
	objectVersion = 46;
	objects = {

/* Begin PBXBuildFile section */
		6C583A5B14D8913900219C4E /* UIKit.framework in Frameworks */ = {isa = PBXBuildFile; fileRef = 6C583A5A14D8913900219C4E /* UIKit.framework */; };
		6C583A5D14D8913900219C4E /* Foundation.framework in Frameworks */ = {isa = PBXBuildFile; fileRef = 6C583A5C14D8913900219C4E /* Foundation.framework */; };
		6C583A5F14D8913900219C4E /* CoreGraphics.framework in Frameworks */ = {isa = PBXBuildFile; fileRef = 6C583A5E14D8913900219C4E /* CoreGraphics.framework */; };
		6C583A6514D8913900219C4E /* InfoPlist.strings in Resources */ = {isa = PBXBuildFile; fileRef = 6C583A6314D8913900219C4E /* InfoPlist.strings */; };
		6C583A6714D8913900219C4E /* main.m in Sources */ = {isa = PBXBuildFile; fileRef = 6C583A6614D8913900219C4E /* main.m */; };
		6C583A6B14D8913900219C4E /* DZAppDelegate.m in Sources */ = {isa = PBXBuildFile; fileRef = 6C583A6A14D8913900219C4E /* DZAppDelegate.m */; };
		6C583A6E14D8913900219C4E /* MainStoryboard_iPhone.storyboard in Resources */ = {isa = PBXBuildFile; fileRef = 6C583A6C14D8913900219C4E /* MainStoryboard_iPhone.storyboard */; };
		6C583A7114D8913900219C4E /* MainStoryboard_iPad.storyboard in Resources */ = {isa = PBXBuildFile; fileRef = 6C583A6F14D8913900219C4E /* MainStoryboard_iPad.storyboard */; };
		6C583A7414D8913A00219C4E /* DZMainViewController.m in Sources */ = {isa = PBXBuildFile; fileRef = 6C583A7314D8913A00219C4E /* DZMainViewController.m */; };
		6C583A7714D8913A00219C4E /* DZFlipsideViewController.m in Sources */ = {isa = PBXBuildFile; fileRef = 6C583A7614D8913A00219C4E /* DZFlipsideViewController.m */; };
		6C583ABA14D8AC3200219C4E /* DZBooksFlipSegue.m in Sources */ = {isa = PBXBuildFile; fileRef = 6C583AB914D8AC3200219C4E /* DZBooksFlipSegue.m */; };
		6C583ABD14D8AFAF00219C4E /* QuartzCore.framework in Frameworks */ = {isa = PBXBuildFile; fileRef = 6C583ABC14D8AFAF00219C4E /* QuartzCore.framework */; };
		6C583ABF14D8C3FB00219C4E /* DZBooksFlipSegueSide.png in Resources */ = {isa = PBXBuildFile; fileRef = 6C583ABE14D8C3FB00219C4E /* DZBooksFlipSegueSide.png */; };
/* End PBXBuildFile section */

/* Begin PBXFileReference section */
		6C583A5614D8913900219C4E /* DZBooksFlipSegueDemo.app */ = {isa = PBXFileReference; explicitFileType = wrapper.application; includeInIndex = 0; path = DZBooksFlipSegueDemo.app; sourceTree = BUILT_PRODUCTS_DIR; };
		6C583A5A14D8913900219C4E /* UIKit.framework */ = {isa = PBXFileReference; lastKnownFileType = wrapper.framework; name = UIKit.framework; path = System/Library/Frameworks/UIKit.framework; sourceTree = SDKROOT; };
		6C583A5C14D8913900219C4E /* Foundation.framework */ = {isa = PBXFileReference; lastKnownFileType = wrapper.framework; name = Foundation.framework; path = System/Library/Frameworks/Foundation.framework; sourceTree = SDKROOT; };
		6C583A5E14D8913900219C4E /* CoreGraphics.framework */ = {isa = PBXFileReference; lastKnownFileType = wrapper.framework; name = CoreGraphics.framework; path = System/Library/Frameworks/CoreGraphics.framework; sourceTree = SDKROOT; };
		6C583A6214D8913900219C4E /* DZBooksFlipSegueDemo-Info.plist */ = {isa = PBXFileReference; lastKnownFileType = text.plist.xml; path = "DZBooksFlipSegueDemo-Info.plist"; sourceTree = "<group>"; };
		6C583A6414D8913900219C4E /* en */ = {isa = PBXFileReference; lastKnownFileType = text.plist.strings; name = en; path = en.lproj/InfoPlist.strings; sourceTree = "<group>"; };
		6C583A6614D8913900219C4E /* main.m */ = {isa = PBXFileReference; lastKnownFileType = sourcecode.c.objc; path = main.m; sourceTree = "<group>"; };
		6C583A6814D8913900219C4E /* DZBooksFlipSegueDemo-Prefix.pch */ = {isa = PBXFileReference; lastKnownFileType = sourcecode.c.h; path = "DZBooksFlipSegueDemo-Prefix.pch"; sourceTree = "<group>"; };
		6C583A6914D8913900219C4E /* DZAppDelegate.h */ = {isa = PBXFileReference; lastKnownFileType = sourcecode.c.h; path = DZAppDelegate.h; sourceTree = "<group>"; };
		6C583A6A14D8913900219C4E /* DZAppDelegate.m */ = {isa = PBXFileReference; lastKnownFileType = sourcecode.c.objc; path = DZAppDelegate.m; sourceTree = "<group>"; };
		6C583A6D14D8913900219C4E /* en */ = {isa = PBXFileReference; lastKnownFileType = file.storyboard; name = en; path = en.lproj/MainStoryboard_iPhone.storyboard; sourceTree = "<group>"; };
		6C583A7014D8913900219C4E /* en */ = {isa = PBXFileReference; lastKnownFileType = file.storyboard; name = en; path = en.lproj/MainStoryboard_iPad.storyboard; sourceTree = "<group>"; };
		6C583A7214D8913900219C4E /* DZMainViewController.h */ = {isa = PBXFileReference; lastKnownFileType = sourcecode.c.h; path = DZMainViewController.h; sourceTree = "<group>"; };
		6C583A7314D8913A00219C4E /* DZMainViewController.m */ = {isa = PBXFileReference; lastKnownFileType = sourcecode.c.objc; path = DZMainViewController.m; sourceTree = "<group>"; };
		6C583A7514D8913A00219C4E /* DZFlipsideViewController.h */ = {isa = PBXFileReference; lastKnownFileType = sourcecode.c.h; path = DZFlipsideViewController.h; sourceTree = "<group>"; };
		6C583A7614D8913A00219C4E /* DZFlipsideViewController.m */ = {isa = PBXFileReference; lastKnownFileType = sourcecode.c.objc; path = DZFlipsideViewController.m; sourceTree = "<group>"; };
		6C583AB814D8AC3200219C4E /* DZBooksFlipSegue.h */ = {isa = PBXFileReference; fileEncoding = 4; lastKnownFileType = sourcecode.c.h; path = DZBooksFlipSegue.h; sourceTree = "<group>"; };
		6C583AB914D8AC3200219C4E /* DZBooksFlipSegue.m */ = {isa = PBXFileReference; fileEncoding = 4; lastKnownFileType = sourcecode.c.objc; path = DZBooksFlipSegue.m; sourceTree = "<group>"; };
		6C583ABC14D8AFAF00219C4E /* QuartzCore.framework */ = {isa = PBXFileReference; lastKnownFileType = wrapper.framework; name = QuartzCore.framework; path = System/Library/Frameworks/QuartzCore.framework; sourceTree = SDKROOT; };
		6C583ABE14D8C3FB00219C4E /* DZBooksFlipSegueSide.png */ = {isa = PBXFileReference; lastKnownFileType = image.png; path = DZBooksFlipSegueSide.png; sourceTree = "<group>"; };
/* End PBXFileReference section */

/* Begin PBXFrameworksBuildPhase section */
		6C583A5314D8913900219C4E /* Frameworks */ = {
			isa = PBXFrameworksBuildPhase;
			buildActionMask = 2147483647;
			files = (
				6C583ABD14D8AFAF00219C4E /* QuartzCore.framework in Frameworks */,
				6C583A5B14D8913900219C4E /* UIKit.framework in Frameworks */,
				6C583A5D14D8913900219C4E /* Foundation.framework in Frameworks */,
				6C583A5F14D8913900219C4E /* CoreGraphics.framework in Frameworks */,
			);
			runOnlyForDeploymentPostprocessing = 0;
		};
/* End PBXFrameworksBuildPhase section */

/* Begin PBXGroup section */
		6C583A4B14D8913900219C4E = {
			isa = PBXGroup;
			children = (
				6C583A6014D8913900219C4E /* DZBooksFlipSegueDemo */,
				6C583A5914D8913900219C4E /* Frameworks */,
				6C583A5714D8913900219C4E /* Products */,
			);
			sourceTree = "<group>";
		};
		6C583A5714D8913900219C4E /* Products */ = {
			isa = PBXGroup;
			children = (
				6C583A5614D8913900219C4E /* DZBooksFlipSegueDemo.app */,
			);
			name = Products;
			sourceTree = "<group>";
		};
		6C583A5914D8913900219C4E /* Frameworks */ = {
			isa = PBXGroup;
			children = (
				6C583ABC14D8AFAF00219C4E /* QuartzCore.framework */,
				6C583A5A14D8913900219C4E /* UIKit.framework */,
				6C583A5C14D8913900219C4E /* Foundation.framework */,
				6C583A5E14D8913900219C4E /* CoreGraphics.framework */,
			);
			name = Frameworks;
			sourceTree = "<group>";
		};
		6C583A6014D8913900219C4E /* DZBooksFlipSegueDemo */ = {
			isa = PBXGroup;
			children = (
				6C583A6914D8913900219C4E /* DZAppDelegate.h */,
				6C583A6A14D8913900219C4E /* DZAppDelegate.m */,
				6C583A6C14D8913900219C4E /* MainStoryboard_iPhone.storyboard */,
				6C583A6F14D8913900219C4E /* MainStoryboard_iPad.storyboard */,
				6C583A7214D8913900219C4E /* DZMainViewController.h */,
				6C583A7314D8913A00219C4E /* DZMainViewController.m */,
				6C583A7514D8913A00219C4E /* DZFlipsideViewController.h */,
				6C583A7614D8913A00219C4E /* DZFlipsideViewController.m */,
				6C583AB814D8AC3200219C4E /* DZBooksFlipSegue.h */,
				6C583AB914D8AC3200219C4E /* DZBooksFlipSegue.m */,
				6C583A6114D8913900219C4E /* Supporting Files */,
			);
			path = DZBooksFlipSegueDemo;
			sourceTree = "<group>";
		};
		6C583A6114D8913900219C4E /* Supporting Files */ = {
			isa = PBXGroup;
			children = (
				6C583ABE14D8C3FB00219C4E /* DZBooksFlipSegueSide.png */,
				6C583A6214D8913900219C4E /* DZBooksFlipSegueDemo-Info.plist */,
				6C583A6314D8913900219C4E /* InfoPlist.strings */,
				6C583A6614D8913900219C4E /* main.m */,
				6C583A6814D8913900219C4E /* DZBooksFlipSegueDemo-Prefix.pch */,
			);
			name = "Supporting Files";
			sourceTree = "<group>";
		};
/* End PBXGroup section */

/* Begin PBXNativeTarget section */
		6C583A5514D8913900219C4E /* DZBooksFlipSegueDemo */ = {
			isa = PBXNativeTarget;
			buildConfigurationList = 6C583A7A14D8913A00219C4E /* Build configuration list for PBXNativeTarget "DZBooksFlipSegueDemo" */;
			buildPhases = (
				6C583A5214D8913900219C4E /* Sources */,
				6C583A5314D8913900219C4E /* Frameworks */,
				6C583A5414D8913900219C4E /* Resources */,
			);
			buildRules = (
			);
			dependencies = (
			);
			name = DZBooksFlipSegueDemo;
			productName = DZBooksFlipSegueDemo;
			productReference = 6C583A5614D8913900219C4E /* DZBooksFlipSegueDemo.app */;
			productType = "com.apple.product-type.application";
		};
/* End PBXNativeTarget section */

/* Begin PBXProject section */
		6C583A4D14D8913900219C4E /* Project object */ = {
			isa = PBXProject;
			attributes = {
				LastUpgradeCheck = 0420;
				ORGANIZATIONNAME = "Dizzy Technology";
			};
			buildConfigurationList = 6C583A5014D8913900219C4E /* Build configuration list for PBXProject "DZBooksFlipSegueDemo" */;
			compatibilityVersion = "Xcode 3.2";
			developmentRegion = English;
			hasScannedForEncodings = 0;
			knownRegions = (
				en,
			);
			mainGroup = 6C583A4B14D8913900219C4E;
			productRefGroup = 6C583A5714D8913900219C4E /* Products */;
			projectDirPath = "";
			projectRoot = "";
			targets = (
				6C583A5514D8913900219C4E /* DZBooksFlipSegueDemo */,
			);
		};
/* End PBXProject section */

/* Begin PBXResourcesBuildPhase section */
		6C583A5414D8913900219C4E /* Resources */ = {
			isa = PBXResourcesBuildPhase;
			buildActionMask = 2147483647;
			files = (
				6C583A6514D8913900219C4E /* InfoPlist.strings in Resources */,
				6C583A6E14D8913900219C4E /* MainStoryboard_iPhone.storyboard in Resources */,
				6C583A7114D8913900219C4E /* MainStoryboard_iPad.storyboard in Resources */,
				6C583ABF14D8C3FB00219C4E /* DZBooksFlipSegueSide.png in Resources */,
			);
			runOnlyForDeploymentPostprocessing = 0;
		};
/* End PBXResourcesBuildPhase section */

/* Begin PBXSourcesBuildPhase section */
		6C583A5214D8913900219C4E /* Sources */ = {
			isa = PBXSourcesBuildPhase;
			buildActionMask = 2147483647;
			files = (
				6C583A6714D8913900219C4E /* main.m in Sources */,
				6C583A6B14D8913900219C4E /* DZAppDelegate.m in Sources */,
				6C583A7414D8913A00219C4E /* DZMainViewController.m in Sources */,
				6C583A7714D8913A00219C4E /* DZFlipsideViewController.m in Sources */,
				6C583ABA14D8AC3200219C4E /* DZBooksFlipSegue.m in Sources */,
			);
			runOnlyForDeploymentPostprocessing = 0;
		};
/* End PBXSourcesBuildPhase section */

/* Begin PBXVariantGroup section */
		6C583A6314D8913900219C4E /* InfoPlist.strings */ = {
			isa = PBXVariantGroup;
			children = (
				6C583A6414D8913900219C4E /* en */,
			);
			name = InfoPlist.strings;
			sourceTree = "<group>";
		};
		6C583A6C14D8913900219C4E /* MainStoryboard_iPhone.storyboard */ = {
			isa = PBXVariantGroup;
			children = (
				6C583A6D14D8913900219C4E /* en */,
			);
			name = MainStoryboard_iPhone.storyboard;
			sourceTree = "<group>";
		};
		6C583A6F14D8913900219C4E /* MainStoryboard_iPad.storyboard */ = {
			isa = PBXVariantGroup;
			children = (
				6C583A7014D8913900219C4E /* en */,
			);
			name = MainStoryboard_iPad.storyboard;
			sourceTree = "<group>";
		};
/* End PBXVariantGroup section */

/* Begin XCBuildConfiguration section */
		6C583A7814D8913A00219C4E /* Debug */ = {
			isa = XCBuildConfiguration;
			buildSettings = {
				ALWAYS_SEARCH_USER_PATHS = NO;
				ARCHS = "$(ARCHS_STANDARD_32_BIT)";
				CLANG_ENABLE_OBJC_ARC = YES;
				"CODE_SIGN_IDENTITY[sdk=iphoneos*]" = "iPhone Developer";
				COPY_PHASE_STRIP = NO;
				GCC_C_LANGUAGE_STANDARD = gnu99;
				GCC_DYNAMIC_NO_PIC = NO;
				GCC_OPTIMIZATION_LEVEL = 0;
				GCC_PREPROCESSOR_DEFINITIONS = (
					"DEBUG=1",
					"$(inherited)",
				);
				GCC_SYMBOLS_PRIVATE_EXTERN = NO;
				GCC_VERSION = com.apple.compilers.llvm.clang.1_0;
				GCC_WARN_ABOUT_MISSING_PROTOTYPES = YES;
				GCC_WARN_ABOUT_RETURN_TYPE = YES;
				GCC_WARN_UNUSED_VARIABLE = YES;
				IPHONEOS_DEPLOYMENT_TARGET = 5.0;
				SDKROOT = iphoneos;
				TARGETED_DEVICE_FAMILY = "1,2";
			};
			name = Debug;
		};
		6C583A7914D8913A00219C4E /* Release */ = {
			isa = XCBuildConfiguration;
			buildSettings = {
				ALWAYS_SEARCH_USER_PATHS = NO;
				ARCHS = "$(ARCHS_STANDARD_32_BIT)";
				CLANG_ENABLE_OBJC_ARC = YES;
				"CODE_SIGN_IDENTITY[sdk=iphoneos*]" = "iPhone Developer";
				COPY_PHASE_STRIP = YES;
				GCC_C_LANGUAGE_STANDARD = gnu99;
				GCC_VERSION = com.apple.compilers.llvm.clang.1_0;
				GCC_WARN_ABOUT_MISSING_PROTOTYPES = YES;
				GCC_WARN_ABOUT_RETURN_TYPE = YES;
				GCC_WARN_UNUSED_VARIABLE = YES;
				IPHONEOS_DEPLOYMENT_TARGET = 5.0;
				OTHER_CFLAGS = "-DNS_BLOCK_ASSERTIONS=1";
				SDKROOT = iphoneos;
				TARGETED_DEVICE_FAMILY = "1,2";
				VALIDATE_PRODUCT = YES;
			};
			name = Release;
		};
		6C583A7B14D8913A00219C4E /* Debug */ = {
			isa = XCBuildConfiguration;
			buildSettings = {
				GCC_PRECOMPILE_PREFIX_HEADER = YES;
				GCC_PREFIX_HEADER = "DZBooksFlipSegueDemo/DZBooksFlipSegueDemo-Prefix.pch";
				INFOPLIST_FILE = "DZBooksFlipSegueDemo/DZBooksFlipSegueDemo-Info.plist";
				PRODUCT_NAME = "$(TARGET_NAME)";
				RUN_CLANG_STATIC_ANALYZER = YES;
				WRAPPER_EXTENSION = app;
			};
			name = Debug;
		};
		6C583A7C14D8913A00219C4E /* Release */ = {
			isa = XCBuildConfiguration;
			buildSettings = {
				GCC_PRECOMPILE_PREFIX_HEADER = YES;
				GCC_PREFIX_HEADER = "DZBooksFlipSegueDemo/DZBooksFlipSegueDemo-Prefix.pch";
				INFOPLIST_FILE = "DZBooksFlipSegueDemo/DZBooksFlipSegueDemo-Info.plist";
				PRODUCT_NAME = "$(TARGET_NAME)";
				RUN_CLANG_STATIC_ANALYZER = YES;
				WRAPPER_EXTENSION = app;
			};
			name = Release;
		};
/* End XCBuildConfiguration section */

/* Begin XCConfigurationList section */
		6C583A5014D8913900219C4E /* Build configuration list for PBXProject "DZBooksFlipSegueDemo" */ = {
			isa = XCConfigurationList;
			buildConfigurations = (
				6C583A7814D8913A00219C4E /* Debug */,
				6C583A7914D8913A00219C4E /* Release */,
			);
			defaultConfigurationIsVisible = 0;
			defaultConfigurationName = Release;
		};
		6C583A7A14D8913A00219C4E /* Build configuration list for PBXNativeTarget "DZBooksFlipSegueDemo" */ = {
			isa = XCConfigurationList;
			buildConfigurations = (
				6C583A7B14D8913A00219C4E /* Debug */,
				6C583A7C14D8913A00219C4E /* Release */,
			);
			defaultConfigurationIsVisible = 0;
			defaultConfigurationName = Release;
		};
/* End XCConfigurationList section */
	};
	rootObject = 6C583A4D14D8913900219C4E /* Project object */;
}
